
Microsoft Visual Studio Solution File, Format Version 12.00
# Visual Studio Version 17
VisualStudioVersion = 17.0.31903.59
MinimumVisualStudioVersion = 10.0.40219.1
Project("{FAE04EC0-301F-11D3-BF4B-00C04F79EFBC}") = "CaseAssignment.Api", "CaseAssignment.Api\CaseAssignment.Api.csproj", "{EC6E07FD-1AA2-4718-81F7-961D9CFFDB34}"
EndProject
Project("{FAE04EC0-301F-11D3-BF4B-00C04F79EFBC}") = "CaseAssignment.Tests", "CaseAssignment.Tests\CaseAssignment.Tests.csproj", "{06C14618-360C-4C14-B28D-950C42B1C797}"
EndProject
Global
	GlobalSection(SolutionConfigurationPlatforms) = preSolution
		Debug|Any CPU = Debug|Any CPU
		Release|Any CPU = Release|Any CPU
	EndGlobalSection
	GlobalSection(SolutionProperties) = preSolution
		HideSolutionNode = FALSE
	EndGlobalSection
	GlobalSection(ProjectConfigurationPlatforms) = postSolution
		{EC6E07FD-1AA2-4718-81F7-961D9CFFDB34}.Debug|Any CPU.ActiveCfg = Debug|Any CPU
		{EC6E07FD-1AA2-4718-81F7-961D9CFFDB34}.Debug|Any CPU.Build.0 = Debug|Any CPU
		{EC6E07FD-1AA2-4718-81F7-961D9CFFDB34}.Release|Any CPU.ActiveCfg = Release|Any CPU
		{EC6E07FD-1AA2-4718-81F7-961D9CFFDB34}.Release|Any CPU.Build.0 = Release|Any CPU
		{06C14618-360C-4C14-B28D-950C42B1C797}.Debug|Any CPU.ActiveCfg = Debug|Any CPU
		{06C14618-360C-4C14-B28D-950C42B1C797}.Debug|Any CPU.Build.0 = Debug|Any CPU
		{06C14618-360C-4C14-B28D-950C42B1C797}.Release|Any CPU.ActiveCfg = Release|Any CPU
		{06C14618-360C-4C14-B28D-950C42B1C797}.Release|Any CPU.Build.0 = Release|Any CPU
	EndGlobalSection
EndGlobal
